# Generated by @novedu/cli — do not edit.
# Regenerate with: novedu-cli codes sync ddp-activities.yaml
activity-codes:
  arcs-smiley: 4apvb2639v
  bezier: vlyafn57qx
  binary-hex-conversions: a8x26bojrp
  bouncing-ball: plle66s4sn
  bubble-buster: 6qtc6q9xuv
  bubbles: y7b4xgsghu
  chessboard: fp2zmgx8nu
  coding-buddy: 6avg7rnf27
  color-areas: yssdu8rvub
  color-basics: hvtp1kckvk
  color-picker: lins9ye9y5
  color-quadrants: b8csdlsb7t
  color-worm: dyalv4urnz
  craftsmanship: 5d1ezhvegs
  criss-cross: tnz7purvi7
  crosshairs: 4ab60ta898
  crossword: vsr8e4lxu5
  dice: t2qras3t25
  dice-switch: lalbmak227
  domino: 8ii6vl8ent
  domino-symbols: 8lwpb1bx18
  drawing-tools: nlc90ezf5z
  face-function: 9l14g69nf7
  first-array: wmjczc9nyj
  first-own-program: 42n5iebrhx
  first-program: t8bw13i9of
  first-program-again: 1btemf9lwo
  for-loop: yi7f6zh59w
  grid: 4fqsu1mpin
  intervals: 8jm1garyaf
  keyboard-and-characters: 4yhx53vum6
  melting-snowman-1: oiripgakom
  melting-snowman-2: smcmqry0we
  mesh: klqfqrdtau
  move-origin: 6p5iwrhpw0
  new-workshop: m1ghesfo8h
  number-systems: lyiv0m32ml
  olympic-rings: lgvuw6j4me
  olympic-rings-advanced: xnv1c6rukr
  orthographic: s7yzllicgd
  parsing: 3yzl9kixwm
  patterns: r45k675yq7
  pixel-x: 0954qd5jph
  practice-cat: b5pho3shsu
  practice-projects: 5bs23p7nqi
  rays: 1cycn92t25
  responsive-robot: hc19co9aeh
  return-values: 3ofkurnmqk
  rock-paper-scissors: xe4ol18b8o
  scale: vy4bnex8y6
  silos: 1ntnicxb7n
  slot-machine: o10rftwbww
  snap: ll65a7jzrc
  soccer-field: fhsu2kmye5
  sokoban: ycpbushy1n
  starter-code: uq8veupg2i
  string-concat: by697nszk6
  target-game: swd4yoitu9
  temperature-chart: 0zppwvzha1
  train-station: kehrpd5sjs
  tutor-arrays: 6yl97qktby
  tutor-bezier-patterns: kgeyrkbe5r
  tutor-conditions: qmqpi3bvvo
  tutor-dice-rewrite: 2p865y1o6f
  tutor-elephant: d9oc1sinyd
  tutor-functions: o1076s4v3b
  tutor-images: armfz9lqt6
  tutor-introduction: 71ywg9haz6
  tutor-loops: uiybiocegn
  tutor-number-conversions: 1tt7ufe7ed
  tutor-variables: v5t4dtm2v1
  tutor-vscode: j7gxx95sms
  value-vs-reference: yj1s59zfx6
  welcome: cu4afwoa23
  word-swirrel: e3feraeoew
