# Generated by @novedu/cli — do not edit.
# Regenerate with: novedu-cli codes sync ddp-activities.yaml
activity-codes:
  arcs-smiley: 4apvb2639v
  binary-hex-conversions: a8x26bojrp
  bouncing-ball: plle66s4sn
  chessboard: fp2zmgx8nu
  color-areas: yssdu8rvub
  color-basics: hvtp1kckvk
  color-picker: lins9ye9y5
  color-quadrants: b8csdlsb7t
  color-worm: dyalv4urnz
  crosshairs: 4ab60ta898
  dice: t2qras3t25
  dice-switch: lalbmak227
  drawing-tools: nlc90ezf5z
  first-own-program: 42n5iebrhx
  first-program: t8bw13i9of
  for-loop: yi7f6zh59w
  grid: 4fqsu1mpin
  mesh: klqfqrdtau
  move-origin: 6p5iwrhpw0
  number-systems: lyiv0m32ml
  olympic-rings: lgvuw6j4me
  olympic-rings-advanced: xnv1c6rukr
  patterns: r45k675yq7
  pixel-x: 0954qd5jph
  practice-cat: b5pho3shsu
  practice-projects: 5bs23p7nqi
  rays: 1cycn92t25
  responsive-robot: hc19co9aeh
  rock-paper-scissors: xe4ol18b8o
  snap: ll65a7jzrc
  string-concat: by697nszk6
  tutor-conditions: qmqpi3bvvo
  tutor-dice-rewrite: 2p865y1o6f
  tutor-elephant: d9oc1sinyd
  tutor-introduction: 71ywg9haz6
  tutor-loops: uiybiocegn
  tutor-number-conversions: 1tt7ufe7ed
  tutor-variables: v5t4dtm2v1
  welcome: cu4afwoa23
