# Generated by @novedu/cli — do not edit.
# Regenerate with: novedu-cli codes sync ddp-activities.yaml
activity-codes:
  arcs-smiley: 4apvb2639v
  bouncing-ball: plle66s4sn
  color-areas: yssdu8rvub
  color-basics: hvtp1kckvk
  color-picker: lins9ye9y5
  color-quadrants: b8csdlsb7t
  color-worm: dyalv4urnz
  crosshairs: 4ab60ta898
  dice: t2qras3t25
  drawing-tools: nlc90ezf5z
  first-own-program: 42n5iebrhx
  first-program: t8bw13i9of
  number-systems: hb34gpvahn
  olympic-rings: lgvuw6j4me
  olympic-rings-advanced: xnv1c6rukr
  practice-cat: b5pho3shsu
  practice-projects: 5bs23p7nqi
  responsive-robot: hc19co9aeh
  snap: ll65a7jzrc
  string-concat: by697nszk6
  welcome: cu4afwoa23
